
Microsoft Visual Studio Solution File, Format Version 12.00
# Visual Studio 15
VisualStudioVersion = 15.0.27130.2010
MinimumVisualStudioVersion = 10.0.40219.1
Project("{FAE04EC0-301F-11D3-BF4B-00C04F79EFBC}") = "PMS", "PMS\PMS.csproj", "{B62D154B-5300-44F7-B4EC-6C7116976872}"
EndProject
Project("{FAE04EC0-301F-11D3-BF4B-00C04F79EFBC}") = "PMS_Data", "PMS_Data\PMS_Data.csproj", "{BDF0791D-0CAC-49D6-8FAC-81C79FDF6CB8}"
EndProject
Project("{FAE04EC0-301F-11D3-BF4B-00C04F79EFBC}") = "PMS_Object", "PMS_Object\PMS_Object.csproj", "{0D7D5659-C9C1-4A19-BBF0-EA2AD7823705}"
EndProject
Project("{FAE04EC0-301F-11D3-BF4B-00C04F79EFBC}") = "XuLyChung", "AppSupport\XuLyChung.csproj", "{BA7E2974-B540-4152-904C-F2B713CB7043}"
EndProject
Project("{FAE04EC0-301F-11D3-BF4B-00C04F79EFBC}") = "XuLyGiaoDienDevExpress", "XuLyGiaoDienDevExpress\XuLyGiaoDienDevExpress.csproj", "{D061C85C-6A74-4F6B-9E6E-0497F6309838}"
EndProject
Global
	GlobalSection(SolutionConfigurationPlatforms) = preSolution
		Debug|Any CPU = Debug|Any CPU
		Release|Any CPU = Release|Any CPU
	EndGlobalSection
	GlobalSection(ProjectConfigurationPlatforms) = postSolution
		{B62D154B-5300-44F7-B4EC-6C7116976872}.Debug|Any CPU.ActiveCfg = Debug|Any CPU
		{B62D154B-5300-44F7-B4EC-6C7116976872}.Debug|Any CPU.Build.0 = Debug|Any CPU
		{B62D154B-5300-44F7-B4EC-6C7116976872}.Release|Any CPU.ActiveCfg = Release|Any CPU
		{B62D154B-5300-44F7-B4EC-6C7116976872}.Release|Any CPU.Build.0 = Release|Any CPU
		{BDF0791D-0CAC-49D6-8FAC-81C79FDF6CB8}.Debug|Any CPU.ActiveCfg = Debug|Any CPU
		{BDF0791D-0CAC-49D6-8FAC-81C79FDF6CB8}.Debug|Any CPU.Build.0 = Debug|Any CPU
		{BDF0791D-0CAC-49D6-8FAC-81C79FDF6CB8}.Release|Any CPU.ActiveCfg = Release|Any CPU
		{BDF0791D-0CAC-49D6-8FAC-81C79FDF6CB8}.Release|Any CPU.Build.0 = Release|Any CPU
		{0D7D5659-C9C1-4A19-BBF0-EA2AD7823705}.Debug|Any CPU.ActiveCfg = Debug|Any CPU
		{0D7D5659-C9C1-4A19-BBF0-EA2AD7823705}.Debug|Any CPU.Build.0 = Debug|Any CPU
		{0D7D5659-C9C1-4A19-BBF0-EA2AD7823705}.Release|Any CPU.ActiveCfg = Release|Any CPU
		{0D7D5659-C9C1-4A19-BBF0-EA2AD7823705}.Release|Any CPU.Build.0 = Release|Any CPU
		{BA7E2974-B540-4152-904C-F2B713CB7043}.Debug|Any CPU.ActiveCfg = Debug|Any CPU
		{BA7E2974-B540-4152-904C-F2B713CB7043}.Debug|Any CPU.Build.0 = Debug|Any CPU
		{BA7E2974-B540-4152-904C-F2B713CB7043}.Release|Any CPU.ActiveCfg = Release|Any CPU
		{BA7E2974-B540-4152-904C-F2B713CB7043}.Release|Any CPU.Build.0 = Release|Any CPU
		{D061C85C-6A74-4F6B-9E6E-0497F6309838}.Debug|Any CPU.ActiveCfg = Debug|Any CPU
		{D061C85C-6A74-4F6B-9E6E-0497F6309838}.Debug|Any CPU.Build.0 = Debug|Any CPU
		{D061C85C-6A74-4F6B-9E6E-0497F6309838}.Release|Any CPU.ActiveCfg = Release|Any CPU
		{D061C85C-6A74-4F6B-9E6E-0497F6309838}.Release|Any CPU.Build.0 = Release|Any CPU
	EndGlobalSection
	GlobalSection(SolutionProperties) = preSolution
		HideSolutionNode = FALSE
	EndGlobalSection
	GlobalSection(ExtensibilityGlobals) = postSolution
		SolutionGuid = {8F8E3965-0961-4C11-996C-CF7476DF633D}
	EndGlobalSection
EndGlobal
